
Microsoft Visual Studio Solution File, Format Version 12.00
# Visual Studio Version 17
VisualStudioVersion = 17.11.35219.272
MinimumVisualStudioVersion = 10.0.40219.1
Project("{FAE04EC0-301F-11D3-BF4B-00C04F79EFBC}") = "Uppgift 3.6", "Uppgift 3.6\Uppgift 3.6.csproj", "{B0B3A68F-E31B-433A-911D-CF3E402AF3FD}"
EndProject
Global
	GlobalSection(SolutionConfigurationPlatforms) = preSolution
		Debug|Any CPU = Debug|Any CPU
		Release|Any CPU = Release|Any CPU
	EndGlobalSection
	GlobalSection(ProjectConfigurationPlatforms) = postSolution
		{B0B3A68F-E31B-433A-911D-CF3E402AF3FD}.Debug|Any CPU.ActiveCfg = Debug|Any CPU
		{B0B3A68F-E31B-433A-911D-CF3E402AF3FD}.Debug|Any CPU.Build.0 = Debug|Any CPU
		{B0B3A68F-E31B-433A-911D-CF3E402AF3FD}.Release|Any CPU.ActiveCfg = Release|Any CPU
		{B0B3A68F-E31B-433A-911D-CF3E402AF3FD}.Release|Any CPU.Build.0 = Release|Any CPU
	EndGlobalSection
	GlobalSection(SolutionProperties) = preSolution
		HideSolutionNode = FALSE
	EndGlobalSection
	GlobalSection(ExtensibilityGlobals) = postSolution
		SolutionGuid = {DD20ED1C-A0D5-4ECF-8944-35079D502646}
	EndGlobalSection
EndGlobal
